
Microsoft Visual Studio Solution File, Format Version 12.00
# Visual Studio 14
VisualStudioVersion = 14.0.25420.1
MinimumVisualStudioVersion = 10.0.40219.1
Project("{FAE04EC0-301F-11D3-BF4B-00C04F79EFBC}") = "EveryDay.BuhHelper.Console", "EveryDay.BuhHelper.Console\EveryDay.BuhHelper.Console.csproj", "{9FF96FDA-AAEF-4854-BEA6-7855F21B19AD}"
EndProject
Project("{FAE04EC0-301F-11D3-BF4B-00C04F79EFBC}") = "EveryDay.BuhHelper.Core", "Core\EveryDay.BuhHelper.Core.csproj", "{0E07AE91-3FD7-475A-B7E9-7AE8490386C1}"
EndProject
Project("{FAE04EC0-301F-11D3-BF4B-00C04F79EFBC}") = "EveryDay.BuhHelper.WinForm", "EveryDay.BuhHelper.WinForm\EveryDay.BuhHelper.WinForm.csproj", "{DA6D2D5A-B489-4119-BF68-BC2FA2965E76}"
EndProject
Project("{FAE04EC0-301F-11D3-BF4B-00C04F79EFBC}") = "EveryDay.BuhHelper.Web", "Web\EveryDay.BuhHelper.Web.csproj", "{68791A0E-8A80-494F-97EB-8F26F32EF18E}"
EndProject
Project("{FAE04EC0-301F-11D3-BF4B-00C04F79EFBC}") = "EveryDay.BuhHelper.DB", "EveryDay.BuhHelper.DB\EveryDay.BuhHelper.DB.csproj", "{C032B668-0C85-4186-955B-F2A49DA55D59}"
EndProject
Project("{FAE04EC0-301F-11D3-BF4B-00C04F79EFBC}") = "EveryDay.BuhHelper.NHibernate", "EveryDay.BuhHelper.HNibernate\EveryDay.BuhHelper.NHibernate.csproj", "{D9B02509-0E4C-4B14-8C1F-8E20E31CB7C8}"
EndProject
Global
	GlobalSection(SolutionConfigurationPlatforms) = preSolution
		Debug|Any CPU = Debug|Any CPU
		Release|Any CPU = Release|Any CPU
	EndGlobalSection
	GlobalSection(ProjectConfigurationPlatforms) = postSolution
		{9FF96FDA-AAEF-4854-BEA6-7855F21B19AD}.Debug|Any CPU.ActiveCfg = Debug|Any CPU
		{9FF96FDA-AAEF-4854-BEA6-7855F21B19AD}.Debug|Any CPU.Build.0 = Debug|Any CPU
		{9FF96FDA-AAEF-4854-BEA6-7855F21B19AD}.Release|Any CPU.ActiveCfg = Release|Any CPU
		{9FF96FDA-AAEF-4854-BEA6-7855F21B19AD}.Release|Any CPU.Build.0 = Release|Any CPU
		{0E07AE91-3FD7-475A-B7E9-7AE8490386C1}.Debug|Any CPU.ActiveCfg = Debug|Any CPU
		{0E07AE91-3FD7-475A-B7E9-7AE8490386C1}.Debug|Any CPU.Build.0 = Debug|Any CPU
		{0E07AE91-3FD7-475A-B7E9-7AE8490386C1}.Release|Any CPU.ActiveCfg = Release|Any CPU
		{0E07AE91-3FD7-475A-B7E9-7AE8490386C1}.Release|Any CPU.Build.0 = Release|Any CPU
		{DA6D2D5A-B489-4119-BF68-BC2FA2965E76}.Debug|Any CPU.ActiveCfg = Debug|Any CPU
		{DA6D2D5A-B489-4119-BF68-BC2FA2965E76}.Debug|Any CPU.Build.0 = Debug|Any CPU
		{DA6D2D5A-B489-4119-BF68-BC2FA2965E76}.Release|Any CPU.ActiveCfg = Release|Any CPU
		{DA6D2D5A-B489-4119-BF68-BC2FA2965E76}.Release|Any CPU.Build.0 = Release|Any CPU
		{68791A0E-8A80-494F-97EB-8F26F32EF18E}.Debug|Any CPU.ActiveCfg = Debug|Any CPU
		{68791A0E-8A80-494F-97EB-8F26F32EF18E}.Debug|Any CPU.Build.0 = Debug|Any CPU
		{68791A0E-8A80-494F-97EB-8F26F32EF18E}.Release|Any CPU.ActiveCfg = Release|Any CPU
		{68791A0E-8A80-494F-97EB-8F26F32EF18E}.Release|Any CPU.Build.0 = Release|Any CPU
		{C032B668-0C85-4186-955B-F2A49DA55D59}.Debug|Any CPU.ActiveCfg = Debug|Any CPU
		{C032B668-0C85-4186-955B-F2A49DA55D59}.Debug|Any CPU.Build.0 = Debug|Any CPU
		{C032B668-0C85-4186-955B-F2A49DA55D59}.Release|Any CPU.ActiveCfg = Release|Any CPU
		{C032B668-0C85-4186-955B-F2A49DA55D59}.Release|Any CPU.Build.0 = Release|Any CPU
		{D9B02509-0E4C-4B14-8C1F-8E20E31CB7C8}.Debug|Any CPU.ActiveCfg = Debug|Any CPU
		{D9B02509-0E4C-4B14-8C1F-8E20E31CB7C8}.Debug|Any CPU.Build.0 = Debug|Any CPU
		{D9B02509-0E4C-4B14-8C1F-8E20E31CB7C8}.Release|Any CPU.ActiveCfg = Release|Any CPU
		{D9B02509-0E4C-4B14-8C1F-8E20E31CB7C8}.Release|Any CPU.Build.0 = Release|Any CPU
	EndGlobalSection
	GlobalSection(SolutionProperties) = preSolution
		HideSolutionNode = FALSE
	EndGlobalSection
EndGlobal
